<?xml version="1.0" encoding="utf-8"?>
<Project ToolsVersion="4.0" xmlns="http://schemas.microsoft.com/developer/msbuild/2003">
  <ItemGroup>
    <Filter Include="Events">
      <UniqueIdentifier>{885236f0-df29-42cf-97fb-0a3624f5de31}</UniqueIdentifier>
    </Filter>
    <Filter Include="GameLogic">
      <UniqueIdentifier>{b95fb2ea-9ee5-4cf8-837f-06d5266573c1}</UniqueIdentifier>
    </Filter>
    <Filter Include="Physics">
      <UniqueIdentifier>{3f8711fb-c180-4729-9f72-eb6de7e52442}</UniqueIdentifier>
    </Filter>
    <Filter Include="SceneNodes">
      <UniqueIdentifier>{a233304d-e844-4edb-be86-6856865fb829}</UniqueIdentifier>
    </Filter>
    <Filter Include="SceneNodes\EventNodes">
      <UniqueIdentifier>{178d8a82-9f59-4aac-84cf-fd88a698056f}</UniqueIdentifier>
    </Filter>
    <Filter Include="Scripting">
      <UniqueIdentifier>{889a2631-99f4-483e-98d2-d8255917ba78}</UniqueIdentifier>
    </Filter>
    <Filter Include="Scripting\Bindings">
      <UniqueIdentifier>{b39d04e1-c77a-4a9c-b9f7-5ba7b2941baf}</UniqueIdentifier>
    </Filter>
    <Filter Include="Scripting\Sqrat">
      <UniqueIdentifier>{0e7aa6b7-9dde-488d-978c-89810aaed994}</UniqueIdentifier>
    </Filter>
    <Filter Include="Sound">
      <UniqueIdentifier>{fea5ebe7-5541-4b2c-bd7b-9adf4e0d12eb}</UniqueIdentifier>
    </Filter>
    <Filter Include="Utility">
      <UniqueIdentifier>{0cc6435b-1936-4662-b7f9-ec2bab0d0821}</UniqueIdentifier>
    </Filter>
    <Filter Include="World">
      <UniqueIdentifier>{f43c3a71-2776-4b85-a051-345b0541222d}</UniqueIdentifier>
    </Filter>
  </ItemGroup>
  <ItemGroup>
    <ClInclude Include="src\global.h" />
    <ClInclude Include="src\linker.h" />
    <ClInclude Include="src\Events\EventClasses.h">
      <Filter>Events</Filter>
    </ClInclude>
    <ClInclude Include="src\Events\EventTriggeringObject.h">
      <Filter>Events</Filter>
    </ClInclude>
    <ClInclude Include="src\GameLogic\EngineBase.h">
      <Filter>GameLogic</Filter>
    </ClInclude>
    <ClInclude Include="src\GameLogic\EngineInitializationParams.h">
      <Filter>GameLogic</Filter>
    </ClInclude>
    <ClInclude Include="src\GameLogic\EngineStatusCode.h">
      <Filter>GameLogic</Filter>
    </ClInclude>
    <ClInclude Include="src\GameLogic\GameEngine.h">
      <Filter>GameLogic</Filter>
    </ClInclude>
    <ClInclude Include="src\GameLogic\GameTimer.h">
      <Filter>GameLogic</Filter>
    </ClInclude>
    <ClInclude Include="src\Physics\PhysicsManager.h">
      <Filter>Physics</Filter>
    </ClInclude>
    <ClInclude Include="src\Physics\PhysicsMotionState.h">
      <Filter>Physics</Filter>
    </ClInclude>
    <ClInclude Include="src\Physics\PhysicsObject.h">
      <Filter>Physics</Filter>
    </ClInclude>
    <ClInclude Include="src\Physics\PhysicsWorld.h">
      <Filter>Physics</Filter>
    </ClInclude>
    <ClInclude Include="src\Physics\RigidBodyPhysicsObject.h">
      <Filter>Physics</Filter>
    </ClInclude>
    <ClInclude Include="src\Physics\UpdatingPhysicsMotionState.h">
      <Filter>Physics</Filter>
    </ClInclude>
    <ClInclude Include="src\Physics\IrrBtConversion.h">
      <Filter>Physics</Filter>
    </ClInclude>
    <ClInclude Include="src\Physics\PhysicsDebugRenderer.h">
      <Filter>Physics</Filter>
    </ClInclude>
    <ClInclude Include="src\SceneNodes\OrientationHelperSceneNode.h">
      <Filter>SceneNodes</Filter>
    </ClInclude>
    <ClInclude Include="src\SceneNodes\PlaneSceneNode.h">
      <Filter>SceneNodes</Filter>
    </ClInclude>
    <ClInclude Include="src\SceneNodes\SceneObject.h">
      <Filter>SceneNodes</Filter>
    </ClInclude>
    <ClInclude Include="src\SceneNodes\EventNodes\EventSceneNode.h">
      <Filter>SceneNodes\EventNodes</Filter>
    </ClInclude>
    <ClInclude Include="src\Scripting\Scripting.h">
      <Filter>Scripting</Filter>
    </ClInclude>
    <ClInclude Include="src\Scripting\ScriptingVM.h">
      <Filter>Scripting</Filter>
    </ClInclude>
    <ClInclude Include="src\Scripting\Bindings.h">
      <Filter>Scripting</Filter>
    </ClInclude>
    <ClInclude Include="src\Scripting\Sqrat\sqratImpClass.h">
      <Filter>Scripting\Sqrat</Filter>
    </ClInclude>
    <ClInclude Include="src\Scripting\Bindings\EventClassBinding.h">
      <Filter>Scripting\Bindings</Filter>
    </ClInclude>
    <ClInclude Include="src\Scripting\Bindings\IrrlichtBindings.h">
      <Filter>Scripting\Bindings</Filter>
    </ClInclude>
    <ClInclude Include="src\Scripting\Bindings\MathBindings.h">
      <Filter>Scripting\Bindings</Filter>
    </ClInclude>
    <ClInclude Include="src\Scripting\Bindings\PhysicsBindings.h">
      <Filter>Scripting\Bindings</Filter>
    </ClInclude>
    <ClInclude Include="src\Scripting\Bindings\SceneBindings.h">
      <Filter>Scripting\Bindings</Filter>
    </ClInclude>
    <ClInclude Include="src\Scripting\Bindings\SoundBindings.h">
      <Filter>Scripting\Bindings</Filter>
    </ClInclude>
    <ClInclude Include="src\Scripting\Bindings\WorldBindings.h">
      <Filter>Scripting\Bindings</Filter>
    </ClInclude>
    <ClInclude Include="src\Scripting\Bindings\BridgeVector3.h">
      <Filter>Scripting\Bindings</Filter>
    </ClInclude>
    <ClInclude Include="src\Sound\SoundDeviceManager.h">
      <Filter>Sound</Filter>
    </ClInclude>
    <ClInclude Include="src\Sound\SoundDistanceModel.h">
      <Filter>Sound</Filter>
    </ClInclude>
    <ClInclude Include="src\Sound\SoundEmitter.h">
      <Filter>Sound</Filter>
    </ClInclude>
    <ClInclude Include="src\Sound\SoundEnums.h">
      <Filter>Sound</Filter>
    </ClInclude>
    <ClInclude Include="src\Sound\SoundListener.h">
      <Filter>Sound</Filter>
    </ClInclude>
    <ClInclude Include="src\Sound\SoundState.h">
      <Filter>Sound</Filter>
    </ClInclude>
    <ClInclude Include="src\Sound\StreamingAudioSource.h">
      <Filter>Sound</Filter>
    </ClInclude>
    <ClInclude Include="src\Sound\StreamingSoundBuffer.h">
      <Filter>Sound</Filter>
    </ClInclude>
    <ClInclude Include="src\Sound\ContextBoundSoundListener.h">
      <Filter>Sound</Filter>
    </ClInclude>
    <ClInclude Include="src\Sound\OggVorbisAudioSource.h">
      <Filter>Sound</Filter>
    </ClInclude>
    <ClInclude Include="src\Sound\PositionalAudioObject.h">
      <Filter>Sound</Filter>
    </ClInclude>
    <ClInclude Include="src\Sound\RoamingSoundListener.h">
      <Filter>Sound</Filter>
    </ClInclude>
    <ClInclude Include="src\Sound\SingleSoundBuffer.h">
      <Filter>Sound</Filter>
    </ClInclude>
    <ClInclude Include="src\Sound\SoundBuffer.h">
      <Filter>Sound</Filter>
    </ClInclude>
    <ClInclude Include="src\Sound\SoundClasses.h">
      <Filter>Sound</Filter>
    </ClInclude>
    <ClInclude Include="src\Sound\SoundContext.h">
      <Filter>Sound</Filter>
    </ClInclude>
    <ClInclude Include="src\Sound\SoundDevice.h">
      <Filter>Sound</Filter>
    </ClInclude>
    <ClInclude Include="src\Utility\Manager.h">
      <Filter>Utility</Filter>
    </ClInclude>
    <ClInclude Include="src\Utility\SetManager.h">
      <Filter>Utility</Filter>
    </ClInclude>
    <ClInclude Include="src\Utility\SetManagerP.h">
      <Filter>Utility</Filter>
    </ClInclude>
    <ClInclude Include="src\Utility\Singleton.h">
      <Filter>Utility</Filter>
    </ClInclude>
    <ClInclude Include="src\World\ObjectClass.h">
      <Filter>World</Filter>
    </ClInclude>
    <ClInclude Include="src\World\ObjectClassGroup.h">
      <Filter>World</Filter>
    </ClInclude>
    <ClInclude Include="src\World\ObjectClassManager.h">
      <Filter>World</Filter>
    </ClInclude>
    <ClInclude Include="src\World\ObjectClassManagerBase.h">
      <Filter>World</Filter>
    </ClInclude>
    <ClInclude Include="src\World\WorldManager.h">
      <Filter>World</Filter>
    </ClInclude>
    <ClInclude Include="src\World\WorldObject.h">
      <Filter>World</Filter>
    </ClInclude>
    <ClInclude Include="src\World\WorldObjectFactory.h">
      <Filter>World</Filter>
    </ClInclude>
    <ClInclude Include="src\World\NamedObject.h">
      <Filter>World</Filter>
    </ClInclude>
    <ClInclude Include="src\Physics\CollisionDetectionPhysicsObject.h">
      <Filter>Physics</Filter>
    </ClInclude>
  </ItemGroup>
  <ItemGroup>
    <ClCompile Include="src\main.cpp" />
    <ClCompile Include="src\Events\EventClasses.cpp">
      <Filter>Events</Filter>
    </ClCompile>
    <ClCompile Include="src\Events\EventTriggeringObject.cpp">
      <Filter>Events</Filter>
    </ClCompile>
    <ClCompile Include="src\GameLogic\EngineBaseBinding.cpp">
      <Filter>GameLogic</Filter>
    </ClCompile>
    <ClCompile Include="src\GameLogic\GameEngine.cpp">
      <Filter>GameLogic</Filter>
    </ClCompile>
    <ClCompile Include="src\GameLogic\GameEngineBinding.cpp">
      <Filter>GameLogic</Filter>
    </ClCompile>
    <ClCompile Include="src\GameLogic\GameTimer.cpp">
      <Filter>GameLogic</Filter>
    </ClCompile>
    <ClCompile Include="src\GameLogic\EngineBase.cpp">
      <Filter>GameLogic</Filter>
    </ClCompile>
    <ClCompile Include="src\Physics\PhysicsManager.cpp">
      <Filter>Physics</Filter>
    </ClCompile>
    <ClCompile Include="src\Physics\PhysicsMotionState.cpp">
      <Filter>Physics</Filter>
    </ClCompile>
    <ClCompile Include="src\Physics\PhysicsObject.cpp">
      <Filter>Physics</Filter>
    </ClCompile>
    <ClCompile Include="src\Physics\PhysicsWorld.cpp">
      <Filter>Physics</Filter>
    </ClCompile>
    <ClCompile Include="src\Physics\RigidBodyPhysicsObject.cpp">
      <Filter>Physics</Filter>
    </ClCompile>
    <ClCompile Include="src\Physics\UpdatingPhysicsMotionState.cpp">
      <Filter>Physics</Filter>
    </ClCompile>
    <ClCompile Include="src\Physics\PhysicsDebugRenderer.cpp">
      <Filter>Physics</Filter>
    </ClCompile>
    <ClCompile Include="src\SceneNodes\PlaneSceneNode.cpp">
      <Filter>SceneNodes</Filter>
    </ClCompile>
    <ClCompile Include="src\SceneNodes\SceneObject.cpp">
      <Filter>SceneNodes</Filter>
    </ClCompile>
    <ClCompile Include="src\SceneNodes\OrientationHelperSceneNode.cpp">
      <Filter>SceneNodes</Filter>
    </ClCompile>
    <ClCompile Include="src\SceneNodes\EventNodes\EventSceneNode.cpp">
      <Filter>SceneNodes\EventNodes</Filter>
    </ClCompile>
    <ClCompile Include="src\Scripting\ScriptingVM.cpp">
      <Filter>Scripting</Filter>
    </ClCompile>
    <ClCompile Include="src\Scripting\Bindings.cpp">
      <Filter>Scripting</Filter>
    </ClCompile>
    <ClCompile Include="src\Scripting\Bindings\EventClassBinding.cpp">
      <Filter>Scripting\Bindings</Filter>
    </ClCompile>
    <ClCompile Include="src\Scripting\Bindings\IrrlichtBindings.cpp">
      <Filter>Scripting\Bindings</Filter>
    </ClCompile>
    <ClCompile Include="src\Scripting\Bindings\IrrlichtEnumBindings.cpp">
      <Filter>Scripting\Bindings</Filter>
    </ClCompile>
    <ClCompile Include="src\Scripting\Bindings\MathBindings.cpp">
      <Filter>Scripting\Bindings</Filter>
    </ClCompile>
    <ClCompile Include="src\Scripting\Bindings\PhysicsBindings.cpp">
      <Filter>Scripting\Bindings</Filter>
    </ClCompile>
    <ClCompile Include="src\Scripting\Bindings\SceneBindings.cpp">
      <Filter>Scripting\Bindings</Filter>
    </ClCompile>
    <ClCompile Include="src\Scripting\Bindings\SoundBindings.cpp">
      <Filter>Scripting\Bindings</Filter>
    </ClCompile>
    <ClCompile Include="src\Scripting\Bindings\WorldBindings.cpp">
      <Filter>Scripting\Bindings</Filter>
    </ClCompile>
    <ClCompile Include="src\Scripting\Bindings\BridgeVector3.cpp">
      <Filter>Scripting\Bindings</Filter>
    </ClCompile>
    <ClCompile Include="src\Sound\SoundDeviceManager.cpp">
      <Filter>Sound</Filter>
    </ClCompile>
    <ClCompile Include="src\Sound\SoundEmitter.cpp">
      <Filter>Sound</Filter>
    </ClCompile>
    <ClCompile Include="src\Sound\SoundListener.cpp">
      <Filter>Sound</Filter>
    </ClCompile>
    <ClCompile Include="src\Sound\SoundState.cpp">
      <Filter>Sound</Filter>
    </ClCompile>
    <ClCompile Include="src\Sound\StreamingAudioSource.cpp">
      <Filter>Sound</Filter>
    </ClCompile>
    <ClCompile Include="src\Sound\StreamingSoundBuffer.cpp">
      <Filter>Sound</Filter>
    </ClCompile>
    <ClCompile Include="src\Sound\ContextBoundSoundListener.cpp">
      <Filter>Sound</Filter>
    </ClCompile>
    <ClCompile Include="src\Sound\OggVorbisAudioSource.cpp">
      <Filter>Sound</Filter>
    </ClCompile>
    <ClCompile Include="src\Sound\PositionalAudioObject.cpp">
      <Filter>Sound</Filter>
    </ClCompile>
    <ClCompile Include="src\Sound\RoamingSoundListener.cpp">
      <Filter>Sound</Filter>
    </ClCompile>
    <ClCompile Include="src\Sound\SingleSoundBuffer.cpp">
      <Filter>Sound</Filter>
    </ClCompile>
    <ClCompile Include="src\Sound\SoundBuffer.cpp">
      <Filter>Sound</Filter>
    </ClCompile>
    <ClCompile Include="src\Sound\SoundClasses.cpp">
      <Filter>Sound</Filter>
    </ClCompile>
    <ClCompile Include="src\Sound\SoundContext.cpp">
      <Filter>Sound</Filter>
    </ClCompile>
    <ClCompile Include="src\Sound\SoundDevice.cpp">
      <Filter>Sound</Filter>
    </ClCompile>
    <ClCompile Include="src\Utility\Manager.cpp">
      <Filter>Utility</Filter>
    </ClCompile>
    <ClCompile Include="src\World\ObjectClassGroup.cpp">
      <Filter>World</Filter>
    </ClCompile>
    <ClCompile Include="src\World\ObjectClassManager.cpp">
      <Filter>World</Filter>
    </ClCompile>
    <ClCompile Include="src\World\WorldManager.cpp">
      <Filter>World</Filter>
    </ClCompile>
    <ClCompile Include="src\World\WorldObject.cpp">
      <Filter>World</Filter>
    </ClCompile>
    <ClCompile Include="src\World\WorldObjectFactory.cpp">
      <Filter>World</Filter>
    </ClCompile>
    <ClCompile Include="src\World\NamedObject.cpp">
      <Filter>World</Filter>
    </ClCompile>
    <ClCompile Include="src\World\ObjectClass.cpp">
      <Filter>World</Filter>
    </ClCompile>
    <ClCompile Include="src\Physics\CollisionDetectionPhysicsObject.cpp">
      <Filter>Physics</Filter>
    </ClCompile>
  </ItemGroup>
</Project>