<?xml version="1.0" encoding="utf-8"?>
<Project ToolsVersion="4.0" xmlns="http://schemas.microsoft.com/developer/msbuild/2003">
  <ItemGroup>
    <Filter Include="GameLogic">
      <UniqueIdentifier>{43769670-e1d5-4c96-8daf-deeca9425486}</UniqueIdentifier>
    </Filter>
    <Filter Include="Physics">
      <UniqueIdentifier>{4ad8ee70-65ab-4c14-b19a-d28dc5fdcd0b}</UniqueIdentifier>
    </Filter>
    <Filter Include="World">
      <UniqueIdentifier>{e36bdb65-2815-42c8-866a-937e88d90da2}</UniqueIdentifier>
    </Filter>
    <Filter Include="Utility">
      <UniqueIdentifier>{1e2eb03d-bcb8-406c-ab0e-63196701e28c}</UniqueIdentifier>
    </Filter>
    <Filter Include="Sound">
      <UniqueIdentifier>{39d734be-ce7c-45f0-8023-669d83ea71c0}</UniqueIdentifier>
    </Filter>
    <Filter Include="SceneNodes">
      <UniqueIdentifier>{3aac4a3c-255c-443e-ba48-4071fadc2a21}</UniqueIdentifier>
    </Filter>
    <Filter Include="Scripting">
      <UniqueIdentifier>{94560e2b-9b21-4dc7-8554-a4f22cef4671}</UniqueIdentifier>
    </Filter>
    <Filter Include="Events">
      <UniqueIdentifier>{e2c21cc4-b66e-4650-bbc9-9779dceec5b1}</UniqueIdentifier>
    </Filter>
    <Filter Include="SceneNodes\EventNodes">
      <UniqueIdentifier>{b3f34cbb-4cc7-496e-bfba-71fe0fe1a5b9}</UniqueIdentifier>
    </Filter>
    <Filter Include="Scripting\Bindings">
      <UniqueIdentifier>{ff756ace-dd60-4b5e-bd88-ae6dd6810aa1}</UniqueIdentifier>
    </Filter>
    <Filter Include="Scripting\Sqrat">
      <UniqueIdentifier>{b36ee74a-9d37-47e0-ac5b-0f39e9b1df41}</UniqueIdentifier>
    </Filter>
  </ItemGroup>
  <ItemGroup>
    <ClCompile Include="main.cpp" />
    <ClCompile Include="GameLogic\EngineBase.cpp">
      <Filter>GameLogic</Filter>
    </ClCompile>
    <ClCompile Include="GameLogic\GameTimer.cpp">
      <Filter>GameLogic</Filter>
    </ClCompile>
    <ClCompile Include="GameLogic\GameEngine.cpp">
      <Filter>GameLogic</Filter>
    </ClCompile>
    <ClCompile Include="SceneNodes\PlaneSceneNode.cpp">
      <Filter>SceneNodes</Filter>
    </ClCompile>
    <ClCompile Include="SceneNodes\OrientationHelperSceneNode.cpp">
      <Filter>SceneNodes</Filter>
    </ClCompile>
    <ClCompile Include="Physics\PhysicsMotionState.cpp">
      <Filter>Physics</Filter>
    </ClCompile>
    <ClCompile Include="Physics\PhysicsWorld.cpp">
      <Filter>Physics</Filter>
    </ClCompile>
    <ClCompile Include="Physics\UpdatingPhysicsMotionState.cpp">
      <Filter>Physics</Filter>
    </ClCompile>
    <ClCompile Include="Physics\PhysicsManager.cpp">
      <Filter>Physics</Filter>
    </ClCompile>
    <ClCompile Include="Physics\PhysicsObject.cpp">
      <Filter>Physics</Filter>
    </ClCompile>
    <ClCompile Include="Physics\RigidBodyPhysicsObject.cpp">
      <Filter>Physics</Filter>
    </ClCompile>
    <ClCompile Include="Utility\Manager.cpp">
      <Filter>Utility</Filter>
    </ClCompile>
    <ClCompile Include="SceneNodes\SceneObject.cpp">
      <Filter>SceneNodes</Filter>
    </ClCompile>
    <ClCompile Include="World\WorldObjectFactory.cpp">
      <Filter>World</Filter>
    </ClCompile>
    <ClCompile Include="World\WorldObject.cpp">
      <Filter>World</Filter>
    </ClCompile>
    <ClCompile Include="World\WorldManager.cpp">
      <Filter>World</Filter>
    </ClCompile>
    <ClCompile Include="Sound\SoundDeviceManager.cpp">
      <Filter>Sound</Filter>
    </ClCompile>
    <ClCompile Include="Sound\SoundContext.cpp">
      <Filter>Sound</Filter>
    </ClCompile>
    <ClCompile Include="Sound\SoundDevice.cpp">
      <Filter>Sound</Filter>
    </ClCompile>
    <ClCompile Include="Sound\SoundEmitter.cpp">
      <Filter>Sound</Filter>
    </ClCompile>
    <ClCompile Include="Sound\SoundListener.cpp">
      <Filter>Sound</Filter>
    </ClCompile>
    <ClCompile Include="Sound\StreamingSoundBuffer.cpp">
      <Filter>Sound</Filter>
    </ClCompile>
    <ClCompile Include="Sound\SoundBuffer.cpp">
      <Filter>Sound</Filter>
    </ClCompile>
    <ClCompile Include="Sound\RoamingSoundListener.cpp">
      <Filter>Sound</Filter>
    </ClCompile>
    <ClCompile Include="Sound\ContextBoundSoundListener.cpp">
      <Filter>Sound</Filter>
    </ClCompile>
    <ClCompile Include="Sound\SingleSoundBuffer.cpp">
      <Filter>Sound</Filter>
    </ClCompile>
    <ClCompile Include="World\NamedObject.cpp">
      <Filter>World</Filter>
    </ClCompile>
    <ClCompile Include="Sound\OggVorbisAudioSource.cpp">
      <Filter>Sound</Filter>
    </ClCompile>
    <ClCompile Include="Sound\StreamingAudioSource.cpp">
      <Filter>Sound</Filter>
    </ClCompile>
    <ClCompile Include="Sound\PositionalAudioObject.cpp">
      <Filter>Sound</Filter>
    </ClCompile>
    <ClCompile Include="Sound\SoundState.cpp">
      <Filter>Sound</Filter>
    </ClCompile>
    <ClCompile Include="Scripting\ScriptingVM.cpp">
      <Filter>Scripting</Filter>
    </ClCompile>
    <ClCompile Include="Events\EventTriggeringObject.cpp">
      <Filter>Events</Filter>
    </ClCompile>
    <ClCompile Include="SceneNodes\EventNodes\EventSceneNode.cpp">
      <Filter>SceneNodes\EventNodes</Filter>
    </ClCompile>
    <ClCompile Include="Events\EventClassGroup.cpp">
      <Filter>Events</Filter>
    </ClCompile>
    <ClCompile Include="Events\EventClass.cpp">
      <Filter>Events</Filter>
    </ClCompile>
    <ClCompile Include="Events\EventClassManager.cpp">
      <Filter>Events</Filter>
    </ClCompile>
    <ClCompile Include="Scripting\Bindings\EventClassBinding.cpp">
      <Filter>Scripting\Bindings</Filter>
    </ClCompile>
    <ClCompile Include="Scripting\Bindings\BridgeVector3.cpp">
      <Filter>Scripting\Bindings</Filter>
    </ClCompile>
    <ClCompile Include="Scripting\Bindings.cpp">
      <Filter>Scripting</Filter>
    </ClCompile>
    <ClCompile Include="GameLogic\EngineBaseBinding.cpp">
      <Filter>GameLogic</Filter>
    </ClCompile>
    <ClCompile Include="GameLogic\GameEngineBinding.cpp">
      <Filter>GameLogic</Filter>
    </ClCompile>
  </ItemGroup>
  <ItemGroup>
    <ClInclude Include="global.h" />
    <ClInclude Include="linker.h" />
    <ClInclude Include="GameLogic\EngineBase.h">
      <Filter>GameLogic</Filter>
    </ClInclude>
    <ClInclude Include="GameLogic\EngineStatusCode.h">
      <Filter>GameLogic</Filter>
    </ClInclude>
    <ClInclude Include="GameLogic\EngineInitializationParams.h">
      <Filter>GameLogic</Filter>
    </ClInclude>
    <ClInclude Include="GameLogic\GameTimer.h">
      <Filter>GameLogic</Filter>
    </ClInclude>
    <ClInclude Include="GameLogic\GameEngine.h">
      <Filter>GameLogic</Filter>
    </ClInclude>
    <ClInclude Include="SceneNodes\PlaneSceneNode.h">
      <Filter>SceneNodes</Filter>
    </ClInclude>
    <ClInclude Include="SceneNodes\OrientationHelperSceneNode.h">
      <Filter>SceneNodes</Filter>
    </ClInclude>
    <ClInclude Include="Physics\IrrBtConversion.h">
      <Filter>Physics</Filter>
    </ClInclude>
    <ClInclude Include="Physics\PhysicsMotionState.h">
      <Filter>Physics</Filter>
    </ClInclude>
    <ClInclude Include="Physics\PhysicsWorld.h">
      <Filter>Physics</Filter>
    </ClInclude>
    <ClInclude Include="Physics\UpdatingPhysicsMotionState.h">
      <Filter>Physics</Filter>
    </ClInclude>
    <ClInclude Include="Physics\PhysicsManager.h">
      <Filter>Physics</Filter>
    </ClInclude>
    <ClInclude Include="Physics\PhysicsObject.h">
      <Filter>Physics</Filter>
    </ClInclude>
    <ClInclude Include="Physics\RigidBodyPhysicsObject.h">
      <Filter>Physics</Filter>
    </ClInclude>
    <ClInclude Include="Utility\Manager.h">
      <Filter>Utility</Filter>
    </ClInclude>
    <ClInclude Include="SceneNodes\SceneObject.h">
      <Filter>SceneNodes</Filter>
    </ClInclude>
    <ClInclude Include="World\WorldObject.h">
      <Filter>World</Filter>
    </ClInclude>
    <ClInclude Include="World\WorldObjectFactory.h">
      <Filter>World</Filter>
    </ClInclude>
    <ClInclude Include="World\WorldManager.h">
      <Filter>World</Filter>
    </ClInclude>
    <ClInclude Include="Sound\SoundDeviceManager.h">
      <Filter>Sound</Filter>
    </ClInclude>
    <ClInclude Include="Sound\SoundBuffer.h">
      <Filter>Sound</Filter>
    </ClInclude>
    <ClInclude Include="Sound\SoundContext.h">
      <Filter>Sound</Filter>
    </ClInclude>
    <ClInclude Include="Sound\SoundDevice.h">
      <Filter>Sound</Filter>
    </ClInclude>
    <ClInclude Include="Sound\SoundEmitter.h">
      <Filter>Sound</Filter>
    </ClInclude>
    <ClInclude Include="Sound\SoundListener.h">
      <Filter>Sound</Filter>
    </ClInclude>
    <ClInclude Include="Sound\StreamingSoundBuffer.h">
      <Filter>Sound</Filter>
    </ClInclude>
    <ClInclude Include="Sound\ContextBoundSoundListener.h">
      <Filter>Sound</Filter>
    </ClInclude>
    <ClInclude Include="Sound\RoamingSoundListener.h">
      <Filter>Sound</Filter>
    </ClInclude>
    <ClInclude Include="Sound\SingleSoundBuffer.h">
      <Filter>Sound</Filter>
    </ClInclude>
    <ClInclude Include="World\NamedObject.h">
      <Filter>World</Filter>
    </ClInclude>
    <ClInclude Include="Sound\OggVorbisAudioSource.h">
      <Filter>Sound</Filter>
    </ClInclude>
    <ClInclude Include="Sound\StreamingAudioSource.h">
      <Filter>Sound</Filter>
    </ClInclude>
    <ClInclude Include="Sound\PositionalAudioObject.h">
      <Filter>Sound</Filter>
    </ClInclude>
    <ClInclude Include="Sound\SoundState.h">
      <Filter>Sound</Filter>
    </ClInclude>
    <ClInclude Include="Sound\SoundDistanceModel.h">
      <Filter>Sound</Filter>
    </ClInclude>
    <ClInclude Include="Utility\Singleton.h">
      <Filter>Utility</Filter>
    </ClInclude>
    <ClInclude Include="Scripting\ScriptingVM.h">
      <Filter>Scripting</Filter>
    </ClInclude>
    <ClInclude Include="Events\EventTriggeringObject.h">
      <Filter>Events</Filter>
    </ClInclude>
    <ClInclude Include="SceneNodes\EventNodes\EventSceneNode.h">
      <Filter>SceneNodes\EventNodes</Filter>
    </ClInclude>
    <ClInclude Include="Events\EventClassGroup.h">
      <Filter>Events</Filter>
    </ClInclude>
    <ClInclude Include="Utility\SetManagerP.h">
      <Filter>Utility</Filter>
    </ClInclude>
    <ClInclude Include="Utility\SetManager.h">
      <Filter>Utility</Filter>
    </ClInclude>
    <ClInclude Include="Scripting\Scripting.h">
      <Filter>Scripting</Filter>
    </ClInclude>
    <ClInclude Include="Events\EventClass.h">
      <Filter>Events</Filter>
    </ClInclude>
    <ClInclude Include="Events\EventClassManager.h">
      <Filter>Events</Filter>
    </ClInclude>
    <ClInclude Include="Scripting\Bindings\EventClassBinding.h">
      <Filter>Scripting\Bindings</Filter>
    </ClInclude>
    <ClInclude Include="Scripting\Bindings\BridgeVector3.h">
      <Filter>Scripting\Bindings</Filter>
    </ClInclude>
    <ClInclude Include="Scripting\Bindings.h">
      <Filter>Scripting</Filter>
    </ClInclude>
    <ClInclude Include="Scripting\BindingList.h">
      <Filter>Scripting</Filter>
    </ClInclude>
    <ClInclude Include="Scripting\Sqrat\sqratImpClass.h">
      <Filter>Scripting\Sqrat</Filter>
    </ClInclude>
  </ItemGroup>
</Project>