<?xml version="1.0" encoding="utf-8"?>
<Project ToolsVersion="4.0" xmlns="http://schemas.microsoft.com/developer/msbuild/2003">
  <ItemGroup>
    <Filter Include="SceneNodes">
      <UniqueIdentifier>{3aac4a3c-255c-443e-ba48-4071fadc2a21}</UniqueIdentifier>
    </Filter>
    <Filter Include="GameLogic">
      <UniqueIdentifier>{43769670-e1d5-4c96-8daf-deeca9425486}</UniqueIdentifier>
    </Filter>
    <Filter Include="Physics">
      <UniqueIdentifier>{4ad8ee70-65ab-4c14-b19a-d28dc5fdcd0b}</UniqueIdentifier>
    </Filter>
    <Filter Include="World">
      <UniqueIdentifier>{e36bdb65-2815-42c8-866a-937e88d90da2}</UniqueIdentifier>
    </Filter>
  </ItemGroup>
  <ItemGroup>
    <ClCompile Include="main.cpp" />
    <ClCompile Include="GameLogic\EngineBase.cpp">
      <Filter>GameLogic</Filter>
    </ClCompile>
    <ClCompile Include="GameLogic\GameTimer.cpp">
      <Filter>GameLogic</Filter>
    </ClCompile>
    <ClCompile Include="GameLogic\GameEngine.cpp">
      <Filter>GameLogic</Filter>
    </ClCompile>
    <ClCompile Include="SceneNodes\PlaneSceneNode.cpp">
      <Filter>SceneNodes</Filter>
    </ClCompile>
    <ClCompile Include="SceneNodes\OrientationHelperSceneNode.cpp">
      <Filter>SceneNodes</Filter>
    </ClCompile>
    <ClCompile Include="Physics\PhysicsManagement.cpp">
      <Filter>Physics</Filter>
    </ClCompile>
    <ClCompile Include="Physics\CollisionShapeManagement.cpp">
      <Filter>Physics</Filter>
    </ClCompile>
    <ClCompile Include="Physics\PhysicsMotionState.cpp">
      <Filter>Physics</Filter>
    </ClCompile>
    <ClCompile Include="Physics\PhysicsBody.cpp">
      <Filter>Physics</Filter>
    </ClCompile>
    <ClCompile Include="Physics\PhysicsWorld.cpp">
      <Filter>Physics</Filter>
    </ClCompile>
    <ClCompile Include="World\WorldElement.cpp">
      <Filter>World</Filter>
    </ClCompile>
    <ClCompile Include="Physics\UpdatingPhysicsMotionState.cpp">
      <Filter>Physics</Filter>
    </ClCompile>
  </ItemGroup>
  <ItemGroup>
    <ClInclude Include="global.h" />
    <ClInclude Include="linker.h" />
    <ClInclude Include="GameLogic\EngineBase.h">
      <Filter>GameLogic</Filter>
    </ClInclude>
    <ClInclude Include="GameLogic\EngineStatusCode.h">
      <Filter>GameLogic</Filter>
    </ClInclude>
    <ClInclude Include="GameLogic\EngineInitializationParams.h">
      <Filter>GameLogic</Filter>
    </ClInclude>
    <ClInclude Include="GameLogic\GameTimer.h">
      <Filter>GameLogic</Filter>
    </ClInclude>
    <ClInclude Include="GameLogic\GameEngine.h">
      <Filter>GameLogic</Filter>
    </ClInclude>
    <ClInclude Include="SceneNodes\PlaneSceneNode.h">
      <Filter>SceneNodes</Filter>
    </ClInclude>
    <ClInclude Include="SceneNodes\OrientationHelperSceneNode.h">
      <Filter>SceneNodes</Filter>
    </ClInclude>
    <ClInclude Include="Physics\PhysicsManagement.h">
      <Filter>Physics</Filter>
    </ClInclude>
    <ClInclude Include="Physics\CollisionShapeManagement.h">
      <Filter>Physics</Filter>
    </ClInclude>
    <ClInclude Include="Physics\IrrBtConversion.h">
      <Filter>Physics</Filter>
    </ClInclude>
    <ClInclude Include="Physics\PhysicsMotionState.h">
      <Filter>Physics</Filter>
    </ClInclude>
    <ClInclude Include="Physics\PhysicsBody.h">
      <Filter>Physics</Filter>
    </ClInclude>
    <ClInclude Include="Physics\PhysicsWorld.h">
      <Filter>Physics</Filter>
    </ClInclude>
    <ClInclude Include="World\WorldElement.h">
      <Filter>World</Filter>
    </ClInclude>
    <ClInclude Include="Physics\UpdatingPhysicsMotionState.h">
      <Filter>Physics</Filter>
    </ClInclude>
  </ItemGroup>
</Project>